
Microsoft Visual Studio Solution File, Format Version 12.00
# Visual Studio 15
VisualStudioVersion = 15.0.25807.0
MinimumVisualStudioVersion = 10.0.40219.1
Project("{2150E333-8FDC-42A3-9474-1A3956D46DE8}") = "Engine", "Engine", "{D4787E43-2EBE-46EA-91DC-3B54D9915D20}"
EndProject
Project("{2150E333-8FDC-42A3-9474-1A3956D46DE8}") = "Games", "Games", "{60E8102F-C71F-462D-9ED2-28DCD076C329}"
EndProject
Project("{8BC9CEB8-8B4A-11D0-8D11-00A0C91BC942}") = "UE4", "Intermediate\ProjectFiles\UE4.vcxproj", "{75577A47-E9A0-4018-AFA6-B06AD66C962C}"
EndProject
Project("{8BC9CEB8-8B4A-11D0-8D11-00A0C91BC942}") = "Salida", "Intermediate\ProjectFiles\Salida.vcxproj", "{477E082D-0E51-4A8F-9D41-4359C0884A68}"
EndProject
Global
	GlobalSection(SolutionConfigurationPlatforms) = preSolution
		DebugGame Editor|HTML5 = DebugGame Editor|HTML5
		DebugGame Editor|Win32 = DebugGame Editor|Win32
		DebugGame Editor|Win64 = DebugGame Editor|Win64
		DebugGame|HTML5 = DebugGame|HTML5
		DebugGame|Win32 = DebugGame|Win32
		DebugGame|Win64 = DebugGame|Win64
		Development Editor|HTML5 = Development Editor|HTML5
		Development Editor|Win32 = Development Editor|Win32
		Development Editor|Win64 = Development Editor|Win64
		Development|HTML5 = Development|HTML5
		Development|Win32 = Development|Win32
		Development|Win64 = Development|Win64
		Shipping|HTML5 = Shipping|HTML5
		Shipping|Win32 = Shipping|Win32
		Shipping|Win64 = Shipping|Win64
	EndGlobalSection
	GlobalSection(ProjectConfigurationPlatforms) = postSolution
		{477E082D-0E51-4A8F-9D41-4359C0884A68}.DebugGame Editor|HTML5.ActiveCfg = HTML5_DebugGame_Editor|Win32
		{477E082D-0E51-4A8F-9D41-4359C0884A68}.DebugGame Editor|Win32.ActiveCfg = DebugGame_Editor|Win32
		{477E082D-0E51-4A8F-9D41-4359C0884A68}.DebugGame Editor|Win64.ActiveCfg = DebugGame_Editor|x64
		{477E082D-0E51-4A8F-9D41-4359C0884A68}.DebugGame Editor|Win64.Build.0 = DebugGame_Editor|x64
		{477E082D-0E51-4A8F-9D41-4359C0884A68}.DebugGame|HTML5.ActiveCfg = HTML5_DebugGame_Game|Win32
		{477E082D-0E51-4A8F-9D41-4359C0884A68}.DebugGame|HTML5.Build.0 = HTML5_DebugGame_Game|Win32
		{477E082D-0E51-4A8F-9D41-4359C0884A68}.DebugGame|Win32.ActiveCfg = DebugGame_Game|Win32
		{477E082D-0E51-4A8F-9D41-4359C0884A68}.DebugGame|Win32.Build.0 = DebugGame_Game|Win32
		{477E082D-0E51-4A8F-9D41-4359C0884A68}.DebugGame|Win64.ActiveCfg = DebugGame_Game|x64
		{477E082D-0E51-4A8F-9D41-4359C0884A68}.DebugGame|Win64.Build.0 = DebugGame_Game|x64
		{477E082D-0E51-4A8F-9D41-4359C0884A68}.Development Editor|HTML5.ActiveCfg = HTML5_Development_Editor|Win32
		{477E082D-0E51-4A8F-9D41-4359C0884A68}.Development Editor|Win32.ActiveCfg = Development_Editor|Win32
		{477E082D-0E51-4A8F-9D41-4359C0884A68}.Development Editor|Win64.ActiveCfg = Development_Editor|x64
		{477E082D-0E51-4A8F-9D41-4359C0884A68}.Development Editor|Win64.Build.0 = Development_Editor|x64
		{477E082D-0E51-4A8F-9D41-4359C0884A68}.Development|HTML5.ActiveCfg = HTML5_Development_Game|Win32
		{477E082D-0E51-4A8F-9D41-4359C0884A68}.Development|HTML5.Build.0 = HTML5_Development_Game|Win32
		{477E082D-0E51-4A8F-9D41-4359C0884A68}.Development|Win32.ActiveCfg = Development_Game|Win32
		{477E082D-0E51-4A8F-9D41-4359C0884A68}.Development|Win32.Build.0 = Development_Game|Win32
		{477E082D-0E51-4A8F-9D41-4359C0884A68}.Development|Win64.ActiveCfg = Development_Game|x64
		{477E082D-0E51-4A8F-9D41-4359C0884A68}.Development|Win64.Build.0 = Development_Game|x64
		{477E082D-0E51-4A8F-9D41-4359C0884A68}.Shipping|HTML5.ActiveCfg = HTML5_Shipping_Game|Win32
		{477E082D-0E51-4A8F-9D41-4359C0884A68}.Shipping|HTML5.Build.0 = HTML5_Shipping_Game|Win32
		{477E082D-0E51-4A8F-9D41-4359C0884A68}.Shipping|Win32.ActiveCfg = Shipping_Game|Win32
		{477E082D-0E51-4A8F-9D41-4359C0884A68}.Shipping|Win32.Build.0 = Shipping_Game|Win32
		{477E082D-0E51-4A8F-9D41-4359C0884A68}.Shipping|Win64.ActiveCfg = Shipping_Game|x64
		{477E082D-0E51-4A8F-9D41-4359C0884A68}.Shipping|Win64.Build.0 = Shipping_Game|x64
	EndGlobalSection
	GlobalSection(SolutionProperties) = preSolution
		HideSolutionNode = FALSE
	EndGlobalSection
	GlobalSection(NestedProjects) = preSolution
		{75577A47-E9A0-4018-AFA6-B06AD66C962C} = {D4787E43-2EBE-46EA-91DC-3B54D9915D20}
		{477E082D-0E51-4A8F-9D41-4359C0884A68} = {60E8102F-C71F-462D-9ED2-28DCD076C329}
	EndGlobalSection
EndGlobal
